
Microsoft Visual Studio Solution File, Format Version 11.00
# Visual Studio 2010
Project("{FAE04EC0-301F-11D3-BF4B-00C04F79EFBC}") = "RentItServiceLibrary", "RentItServiceLibrary.csproj", "{DC66162D-D290-4626-94C6-1F93F5D575B7}"
EndProject
Global
	GlobalSection(SolutionConfigurationPlatforms) = preSolution
		Debug|Any CPU = Debug|Any CPU
		Release|Any CPU = Release|Any CPU
	EndGlobalSection
	GlobalSection(ProjectConfigurationPlatforms) = postSolution
		{DC66162D-D290-4626-94C6-1F93F5D575B7}.Debug|Any CPU.ActiveCfg = Debug|Any CPU
		{DC66162D-D290-4626-94C6-1F93F5D575B7}.Debug|Any CPU.Build.0 = Debug|Any CPU
		{DC66162D-D290-4626-94C6-1F93F5D575B7}.Release|Any CPU.ActiveCfg = Release|Any CPU
		{DC66162D-D290-4626-94C6-1F93F5D575B7}.Release|Any CPU.Build.0 = Release|Any CPU
	EndGlobalSection
	GlobalSection(SolutionProperties) = preSolution
		HideSolutionNode = FALSE
	EndGlobalSection
EndGlobal
