
Microsoft Visual Studio Solution File, Format Version 11.00
# Visual Studio 2010
Project("{FAE04EC0-301F-11D3-BF4B-00C04F79EFBC}") = "RentIt", "RentIt\RentIt.csproj", "{3FC026C4-40DF-44C3-A2C8-3A690359BE6B}"
EndProject
Project("{FAE04EC0-301F-11D3-BF4B-00C04F79EFBC}") = "BinaryCommunicator", "BinaryCommunicator\BinaryCommunicator.csproj", "{ACE790BF-DB92-4BC4-A940-E44B7C1D838B}"
EndProject
Project("{FAE04EC0-301F-11D3-BF4B-00C04F79EFBC}") = "UserUploadControl", "UserUploadControl\UserUploadControl.csproj", "{E343B22B-9C57-44DD-A792-3031C9C0F9E8}"
EndProject
Global
	GlobalSection(SolutionConfigurationPlatforms) = preSolution
		Debug|Any CPU = Debug|Any CPU
		Debug|Mixed Platforms = Debug|Mixed Platforms
		Debug|x86 = Debug|x86
		Release|Any CPU = Release|Any CPU
		Release|Mixed Platforms = Release|Mixed Platforms
		Release|x86 = Release|x86
	EndGlobalSection
	GlobalSection(ProjectConfigurationPlatforms) = postSolution
		{3FC026C4-40DF-44C3-A2C8-3A690359BE6B}.Debug|Any CPU.ActiveCfg = Debug|Any CPU
		{3FC026C4-40DF-44C3-A2C8-3A690359BE6B}.Debug|Any CPU.Build.0 = Debug|Any CPU
		{3FC026C4-40DF-44C3-A2C8-3A690359BE6B}.Debug|Mixed Platforms.ActiveCfg = Debug|Any CPU
		{3FC026C4-40DF-44C3-A2C8-3A690359BE6B}.Debug|Mixed Platforms.Build.0 = Debug|Any CPU
		{3FC026C4-40DF-44C3-A2C8-3A690359BE6B}.Debug|x86.ActiveCfg = Debug|Any CPU
		{3FC026C4-40DF-44C3-A2C8-3A690359BE6B}.Release|Any CPU.ActiveCfg = Release|Any CPU
		{3FC026C4-40DF-44C3-A2C8-3A690359BE6B}.Release|Any CPU.Build.0 = Release|Any CPU
		{3FC026C4-40DF-44C3-A2C8-3A690359BE6B}.Release|Mixed Platforms.ActiveCfg = Release|Any CPU
		{3FC026C4-40DF-44C3-A2C8-3A690359BE6B}.Release|Mixed Platforms.Build.0 = Release|Any CPU
		{3FC026C4-40DF-44C3-A2C8-3A690359BE6B}.Release|x86.ActiveCfg = Release|Any CPU
		{ACE790BF-DB92-4BC4-A940-E44B7C1D838B}.Debug|Any CPU.ActiveCfg = Debug|Any CPU
		{ACE790BF-DB92-4BC4-A940-E44B7C1D838B}.Debug|Any CPU.Build.0 = Debug|Any CPU
		{ACE790BF-DB92-4BC4-A940-E44B7C1D838B}.Debug|Mixed Platforms.ActiveCfg = Debug|Any CPU
		{ACE790BF-DB92-4BC4-A940-E44B7C1D838B}.Debug|Mixed Platforms.Build.0 = Debug|Any CPU
		{ACE790BF-DB92-4BC4-A940-E44B7C1D838B}.Debug|x86.ActiveCfg = Debug|Any CPU
		{ACE790BF-DB92-4BC4-A940-E44B7C1D838B}.Release|Any CPU.ActiveCfg = Release|Any CPU
		{ACE790BF-DB92-4BC4-A940-E44B7C1D838B}.Release|Any CPU.Build.0 = Release|Any CPU
		{ACE790BF-DB92-4BC4-A940-E44B7C1D838B}.Release|Mixed Platforms.ActiveCfg = Release|Any CPU
		{ACE790BF-DB92-4BC4-A940-E44B7C1D838B}.Release|Mixed Platforms.Build.0 = Release|Any CPU
		{ACE790BF-DB92-4BC4-A940-E44B7C1D838B}.Release|x86.ActiveCfg = Release|Any CPU
		{E343B22B-9C57-44DD-A792-3031C9C0F9E8}.Debug|Any CPU.ActiveCfg = Debug|x86
		{E343B22B-9C57-44DD-A792-3031C9C0F9E8}.Debug|Mixed Platforms.ActiveCfg = Debug|x86
		{E343B22B-9C57-44DD-A792-3031C9C0F9E8}.Debug|Mixed Platforms.Build.0 = Debug|x86
		{E343B22B-9C57-44DD-A792-3031C9C0F9E8}.Debug|x86.ActiveCfg = Debug|x86
		{E343B22B-9C57-44DD-A792-3031C9C0F9E8}.Debug|x86.Build.0 = Debug|x86
		{E343B22B-9C57-44DD-A792-3031C9C0F9E8}.Release|Any CPU.ActiveCfg = Release|x86
		{E343B22B-9C57-44DD-A792-3031C9C0F9E8}.Release|Mixed Platforms.ActiveCfg = Release|x86
		{E343B22B-9C57-44DD-A792-3031C9C0F9E8}.Release|Mixed Platforms.Build.0 = Release|x86
		{E343B22B-9C57-44DD-A792-3031C9C0F9E8}.Release|x86.ActiveCfg = Release|x86
		{E343B22B-9C57-44DD-A792-3031C9C0F9E8}.Release|x86.Build.0 = Release|x86
	EndGlobalSection
	GlobalSection(SolutionProperties) = preSolution
		HideSolutionNode = FALSE
	EndGlobalSection
EndGlobal
