
Microsoft Visual Studio Solution File, Format Version 11.00
# Visual Studio 2010
Project("{FAE04EC0-301F-11D3-BF4B-00C04F79EFBC}") = "RentItService", "RentItService.csproj", "{4CE909AC-D27F-486A-9DF0-850C9A0BA410}"
EndProject
Global
	GlobalSection(SolutionConfigurationPlatforms) = preSolution
		Debug|Any CPU = Debug|Any CPU
		Release|Any CPU = Release|Any CPU
	EndGlobalSection
	GlobalSection(ProjectConfigurationPlatforms) = postSolution
		{4CE909AC-D27F-486A-9DF0-850C9A0BA410}.Debug|Any CPU.ActiveCfg = Debug|Any CPU
		{4CE909AC-D27F-486A-9DF0-850C9A0BA410}.Debug|Any CPU.Build.0 = Debug|Any CPU
		{4CE909AC-D27F-486A-9DF0-850C9A0BA410}.Release|Any CPU.ActiveCfg = Release|Any CPU
		{4CE909AC-D27F-486A-9DF0-850C9A0BA410}.Release|Any CPU.Build.0 = Release|Any CPU
	EndGlobalSection
	GlobalSection(SolutionProperties) = preSolution
		HideSolutionNode = FALSE
	EndGlobalSection
EndGlobal
